
Microsoft Visual Studio Solution File, Format Version 12.00
# Visual Studio Version 17
VisualStudioVersion = 17.1.32414.318
MinimumVisualStudioVersion = 10.0.40219.1
Project("{9A19103F-16F7-4668-BE54-9A1E7A4F7556}") = "DataAccessLayer", "DataAccessLayer\DataAccessLayer.csproj", "{2D012117-00F6-4BF5-9CB3-A1F1770EA9D3}"
EndProject
Project("{9A19103F-16F7-4668-BE54-9A1E7A4F7556}") = "DbFirst", "DbFirst\DbFirst.csproj", "{91B896E0-4620-4329-99D8-D137E128211B}"
EndProject
Project("{FAE04EC0-301F-11D3-BF4B-00C04F79EFBC}") = "WebApp", "WebApp\WebApp.csproj", "{374B0FBA-E7A4-422F-91BA-23E27AC6F9E9}"
EndProject
Global
	GlobalSection(SolutionConfigurationPlatforms) = preSolution
		Debug|Any CPU = Debug|Any CPU
		Release|Any CPU = Release|Any CPU
	EndGlobalSection
	GlobalSection(ProjectConfigurationPlatforms) = postSolution
		{2D012117-00F6-4BF5-9CB3-A1F1770EA9D3}.Debug|Any CPU.ActiveCfg = Debug|Any CPU
		{2D012117-00F6-4BF5-9CB3-A1F1770EA9D3}.Debug|Any CPU.Build.0 = Debug|Any CPU
		{2D012117-00F6-4BF5-9CB3-A1F1770EA9D3}.Release|Any CPU.ActiveCfg = Release|Any CPU
		{2D012117-00F6-4BF5-9CB3-A1F1770EA9D3}.Release|Any CPU.Build.0 = Release|Any CPU
		{91B896E0-4620-4329-99D8-D137E128211B}.Debug|Any CPU.ActiveCfg = Debug|Any CPU
		{91B896E0-4620-4329-99D8-D137E128211B}.Debug|Any CPU.Build.0 = Debug|Any CPU
		{91B896E0-4620-4329-99D8-D137E128211B}.Release|Any CPU.ActiveCfg = Release|Any CPU
		{91B896E0-4620-4329-99D8-D137E128211B}.Release|Any CPU.Build.0 = Release|Any CPU
		{374B0FBA-E7A4-422F-91BA-23E27AC6F9E9}.Debug|Any CPU.ActiveCfg = Debug|Any CPU
		{374B0FBA-E7A4-422F-91BA-23E27AC6F9E9}.Debug|Any CPU.Build.0 = Debug|Any CPU
		{374B0FBA-E7A4-422F-91BA-23E27AC6F9E9}.Release|Any CPU.ActiveCfg = Release|Any CPU
		{374B0FBA-E7A4-422F-91BA-23E27AC6F9E9}.Release|Any CPU.Build.0 = Release|Any CPU
	EndGlobalSection
	GlobalSection(SolutionProperties) = preSolution
		HideSolutionNode = FALSE
	EndGlobalSection
	GlobalSection(ExtensibilityGlobals) = postSolution
		SolutionGuid = {18C75533-F364-47D5-856F-33D503E7BB14}
	EndGlobalSection
EndGlobal
